// !$*UTF8*$!
{
	archiveVersion = 1;
	classes = {
	};
	objectVersion = 55;
	objects = {

/* Begin PBXBuildFile section */
		05DB3C802938643800D240D5 /* AppDelegate.swift in Sources */ = {isa = PBXBuildFile; fileRef = 05DB3C7F2938643800D240D5 /* AppDelegate.swift */; };
		05DB3C822938643800D240D5 /* SceneDelegate.swift in Sources */ = {isa = PBXBuildFile; fileRef = 05DB3C812938643800D240D5 /* SceneDelegate.swift */; };
		05DB3C842938643800D240D5 /* ViewController.swift in Sources */ = {isa = PBXBuildFile; fileRef = 05DB3C832938643800D240D5 /* ViewController.swift */; };
		05DB3C872938643800D240D5 /* Main.storyboard in Resources */ = {isa = PBXBuildFile; fileRef = 05DB3C852938643800D240D5 /* Main.storyboard */; };
		05DB3C892938643900D240D5 /* Assets.xcassets in Resources */ = {isa = PBXBuildFile; fileRef = 05DB3C882938643900D240D5 /* Assets.xcassets */; };
		05DB3C8C2938643900D240D5 /* LaunchScreen.storyboard in Resources */ = {isa = PBXBuildFile; fileRef = 05DB3C8A2938643900D240D5 /* LaunchScreen.storyboard */; };
		05DB3C972938643900D240D5 /* CICDiOSDemoTests.swift in Sources */ = {isa = PBXBuildFile; fileRef = 05DB3C962938643900D240D5 /* CICDiOSDemoTests.swift */; };
		05DB3CA12938643900D240D5 /* CICDiOSDemoUITests.swift in Sources */ = {isa = PBXBuildFile; fileRef = 05DB3CA02938643900D240D5 /* CICDiOSDemoUITests.swift */; };
		05DB3CA32938643900D240D5 /* CICDiOSDemoUITestsLaunchTests.swift in Sources */ = {isa = PBXBuildFile; fileRef = 05DB3CA22938643900D240D5 /* CICDiOSDemoUITestsLaunchTests.swift */; };
		1661C506E0C1F87B9BB4C8E2 /* Pods_CICDiOSDemo.framework in Frameworks */ = {isa = PBXBuildFile; fileRef = B12A5B9434492FD2B5A25EBD /* Pods_CICDiOSDemo.framework */; };
		45F5381B3FC2EE0443C6D29C /* Pods_CICDiOSDemoTests.framework in Frameworks */ = {isa = PBXBuildFile; fileRef = 291AB47DD44D0F92E764A433 /* Pods_CICDiOSDemoTests.framework */; };
		BAD67155FC2C05CE4CA79202 /* Pods_CICDiOSDemo_CICDiOSDemoUITests.framework in Frameworks */ = {isa = PBXBuildFile; fileRef = 9D3065CC967B058604187FB2 /* Pods_CICDiOSDemo_CICDiOSDemoUITests.framework */; };
/* End PBXBuildFile section */

/* Begin PBXContainerItemProxy section */
		05DB3C932938643900D240D5 /* PBXContainerItemProxy */ = {
			isa = PBXContainerItemProxy;
			containerPortal = 05DB3C742938643800D240D5 /* Project object */;
			proxyType = 1;
			remoteGlobalIDString = 05DB3C7B2938643800D240D5;
			remoteInfo = CICDiOSDemo;
		};
		05DB3C9D2938643900D240D5 /* PBXContainerItemProxy */ = {
			isa = PBXContainerItemProxy;
			containerPortal = 05DB3C742938643800D240D5 /* Project object */;
			proxyType = 1;
			remoteGlobalIDString = 05DB3C7B2938643800D240D5;
			remoteInfo = CICDiOSDemo;
		};
/* End PBXContainerItemProxy section */

/* Begin PBXFileReference section */
		05DB3C7C2938643800D240D5 /* CICDiOSDemo.app */ = {isa = PBXFileReference; explicitFileType = wrapper.application; includeInIndex = 0; path = CICDiOSDemo.app; sourceTree = BUILT_PRODUCTS_DIR; };
		05DB3C7F2938643800D240D5 /* AppDelegate.swift */ = {isa = PBXFileReference; lastKnownFileType = sourcecode.swift; path = AppDelegate.swift; sourceTree = "<group>"; };
		05DB3C812938643800D240D5 /* SceneDelegate.swift */ = {isa = PBXFileReference; lastKnownFileType = sourcecode.swift; path = SceneDelegate.swift; sourceTree = "<group>"; };
		05DB3C832938643800D240D5 /* ViewController.swift */ = {isa = PBXFileReference; lastKnownFileType = sourcecode.swift; path = ViewController.swift; sourceTree = "<group>"; };
		05DB3C862938643800D240D5 /* Base */ = {isa = PBXFileReference; lastKnownFileType = file.storyboard; name = Base; path = Base.lproj/Main.storyboard; sourceTree = "<group>"; };
		05DB3C882938643900D240D5 /* Assets.xcassets */ = {isa = PBXFileReference; lastKnownFileType = folder.assetcatalog; path = Assets.xcassets; sourceTree = "<group>"; };
		05DB3C8B2938643900D240D5 /* Base */ = {isa = PBXFileReference; lastKnownFileType = file.storyboard; name = Base; path = Base.lproj/LaunchScreen.storyboard; sourceTree = "<group>"; };
		05DB3C8D2938643900D240D5 /* Info.plist */ = {isa = PBXFileReference; lastKnownFileType = text.plist.xml; path = Info.plist; sourceTree = "<group>"; };
		05DB3C922938643900D240D5 /* CICDiOSDemoTests.xctest */ = {isa = PBXFileReference; explicitFileType = wrapper.cfbundle; includeInIndex = 0; path = CICDiOSDemoTests.xctest; sourceTree = BUILT_PRODUCTS_DIR; };
		05DB3C962938643900D240D5 /* CICDiOSDemoTests.swift */ = {isa = PBXFileReference; lastKnownFileType = sourcecode.swift; path = CICDiOSDemoTests.swift; sourceTree = "<group>"; };
		05DB3C9C2938643900D240D5 /* CICDiOSDemoUITests.xctest */ = {isa = PBXFileReference; explicitFileType = wrapper.cfbundle; includeInIndex = 0; path = CICDiOSDemoUITests.xctest; sourceTree = BUILT_PRODUCTS_DIR; };
		05DB3CA02938643900D240D5 /* CICDiOSDemoUITests.swift */ = {isa = PBXFileReference; lastKnownFileType = sourcecode.swift; path = CICDiOSDemoUITests.swift; sourceTree = "<group>"; };
		05DB3CA22938643900D240D5 /* CICDiOSDemoUITestsLaunchTests.swift */ = {isa = PBXFileReference; lastKnownFileType = sourcecode.swift; path = CICDiOSDemoUITestsLaunchTests.swift; sourceTree = "<group>"; };
		1810EAA47E2FE1C1FCFE3AB1 /* Pods-CICDiOSDemo-CICDiOSDemoUITests.release.xcconfig */ = {isa = PBXFileReference; includeInIndex = 1; lastKnownFileType = text.xcconfig; name = "Pods-CICDiOSDemo-CICDiOSDemoUITests.release.xcconfig"; path = "Target Support Files/Pods-CICDiOSDemo-CICDiOSDemoUITests/Pods-CICDiOSDemo-CICDiOSDemoUITests.release.xcconfig"; sourceTree = "<group>"; };
		291AB47DD44D0F92E764A433 /* Pods_CICDiOSDemoTests.framework */ = {isa = PBXFileReference; explicitFileType = wrapper.framework; includeInIndex = 0; path = Pods_CICDiOSDemoTests.framework; sourceTree = BUILT_PRODUCTS_DIR; };
		43C22701AEFCE7A302030B5A /* Pods-CICDiOSDemo.release.xcconfig */ = {isa = PBXFileReference; includeInIndex = 1; lastKnownFileType = text.xcconfig; name = "Pods-CICDiOSDemo.release.xcconfig"; path = "Target Support Files/Pods-CICDiOSDemo/Pods-CICDiOSDemo.release.xcconfig"; sourceTree = "<group>"; };
		4536C907A7CA1E6AA57EFA31 /* Pods-CICDiOSDemo.debug.xcconfig */ = {isa = PBXFileReference; includeInIndex = 1; lastKnownFileType = text.xcconfig; name = "Pods-CICDiOSDemo.debug.xcconfig"; path = "Target Support Files/Pods-CICDiOSDemo/Pods-CICDiOSDemo.debug.xcconfig"; sourceTree = "<group>"; };
		98A1D90088E9E03F13BD4465 /* Pods-CICDiOSDemo-CICDiOSDemoUITests.debug.xcconfig */ = {isa = PBXFileReference; includeInIndex = 1; lastKnownFileType = text.xcconfig; name = "Pods-CICDiOSDemo-CICDiOSDemoUITests.debug.xcconfig"; path = "Target Support Files/Pods-CICDiOSDemo-CICDiOSDemoUITests/Pods-CICDiOSDemo-CICDiOSDemoUITests.debug.xcconfig"; sourceTree = "<group>"; };
		9D3065CC967B058604187FB2 /* Pods_CICDiOSDemo_CICDiOSDemoUITests.framework */ = {isa = PBXFileReference; explicitFileType = wrapper.framework; includeInIndex = 0; path = Pods_CICDiOSDemo_CICDiOSDemoUITests.framework; sourceTree = BUILT_PRODUCTS_DIR; };
		AC95D0500545EF491815AD35 /* Pods-CICDiOSDemoTests.debug.xcconfig */ = {isa = PBXFileReference; includeInIndex = 1; lastKnownFileType = text.xcconfig; name = "Pods-CICDiOSDemoTests.debug.xcconfig"; path = "Target Support Files/Pods-CICDiOSDemoTests/Pods-CICDiOSDemoTests.debug.xcconfig"; sourceTree = "<group>"; };
		B12A5B9434492FD2B5A25EBD /* Pods_CICDiOSDemo.framework */ = {isa = PBXFileReference; explicitFileType = wrapper.framework; includeInIndex = 0; path = Pods_CICDiOSDemo.framework; sourceTree = BUILT_PRODUCTS_DIR; };
		E6805F2C3255745AB1EAD071 /* Pods-CICDiOSDemoTests.release.xcconfig */ = {isa = PBXFileReference; includeInIndex = 1; lastKnownFileType = text.xcconfig; name = "Pods-CICDiOSDemoTests.release.xcconfig"; path = "Target Support Files/Pods-CICDiOSDemoTests/Pods-CICDiOSDemoTests.release.xcconfig"; sourceTree = "<group>"; };
/* End PBXFileReference section */

/* Begin PBXFrameworksBuildPhase section */
		05DB3C792938643800D240D5 /* Frameworks */ = {
			isa = PBXFrameworksBuildPhase;
			buildActionMask = 2147483647;
			files = (
				1661C506E0C1F87B9BB4C8E2 /* Pods_CICDiOSDemo.framework in Frameworks */,
			);
			runOnlyForDeploymentPostprocessing = 0;
		};
		05DB3C8F2938643900D240D5 /* Frameworks */ = {
			isa = PBXFrameworksBuildPhase;
			buildActionMask = 2147483647;
			files = (
				45F5381B3FC2EE0443C6D29C /* Pods_CICDiOSDemoTests.framework in Frameworks */,
			);
			runOnlyForDeploymentPostprocessing = 0;
		};
		05DB3C992938643900D240D5 /* Frameworks */ = {
			isa = PBXFrameworksBuildPhase;
			buildActionMask = 2147483647;
			files = (
				BAD67155FC2C05CE4CA79202 /* Pods_CICDiOSDemo_CICDiOSDemoUITests.framework in Frameworks */,
			);
			runOnlyForDeploymentPostprocessing = 0;
		};
/* End PBXFrameworksBuildPhase section */

/* Begin PBXGroup section */
		01C732087897EE68EDF33331 /* Pods */ = {
			isa = PBXGroup;
			children = (
				4536C907A7CA1E6AA57EFA31 /* Pods-CICDiOSDemo.debug.xcconfig */,
				43C22701AEFCE7A302030B5A /* Pods-CICDiOSDemo.release.xcconfig */,
				98A1D90088E9E03F13BD4465 /* Pods-CICDiOSDemo-CICDiOSDemoUITests.debug.xcconfig */,
				1810EAA47E2FE1C1FCFE3AB1 /* Pods-CICDiOSDemo-CICDiOSDemoUITests.release.xcconfig */,
				AC95D0500545EF491815AD35 /* Pods-CICDiOSDemoTests.debug.xcconfig */,
				E6805F2C3255745AB1EAD071 /* Pods-CICDiOSDemoTests.release.xcconfig */,
			);
			path = Pods;
			sourceTree = "<group>";
		};
		05DB3C732938643800D240D5 = {
			isa = PBXGroup;
			children = (
				05DB3C7E2938643800D240D5 /* CICDiOSDemo */,
				05DB3C952938643900D240D5 /* CICDiOSDemoTests */,
				05DB3C9F2938643900D240D5 /* CICDiOSDemoUITests */,
				05DB3C7D2938643800D240D5 /* Products */,
				01C732087897EE68EDF33331 /* Pods */,
				EBD1781436951460C71E89EE /* Frameworks */,
			);
			sourceTree = "<group>";
		};
		05DB3C7D2938643800D240D5 /* Products */ = {
			isa = PBXGroup;
			children = (
				05DB3C7C2938643800D240D5 /* CICDiOSDemo.app */,
				05DB3C922938643900D240D5 /* CICDiOSDemoTests.xctest */,
				05DB3C9C2938643900D240D5 /* CICDiOSDemoUITests.xctest */,
			);
			name = Products;
			sourceTree = "<group>";
		};
		05DB3C7E2938643800D240D5 /* CICDiOSDemo */ = {
			isa = PBXGroup;
			children = (
				05DB3C7F2938643800D240D5 /* AppDelegate.swift */,
				05DB3C812938643800D240D5 /* SceneDelegate.swift */,
				05DB3C832938643800D240D5 /* ViewController.swift */,
				05DB3C852938643800D240D5 /* Main.storyboard */,
				05DB3C882938643900D240D5 /* Assets.xcassets */,
				05DB3C8A2938643900D240D5 /* LaunchScreen.storyboard */,
				05DB3C8D2938643900D240D5 /* Info.plist */,
			);
			path = CICDiOSDemo;
			sourceTree = "<group>";
		};
		05DB3C952938643900D240D5 /* CICDiOSDemoTests */ = {
			isa = PBXGroup;
			children = (
				05DB3C962938643900D240D5 /* CICDiOSDemoTests.swift */,
			);
			path = CICDiOSDemoTests;
			sourceTree = "<group>";
		};
		05DB3C9F2938643900D240D5 /* CICDiOSDemoUITests */ = {
			isa = PBXGroup;
			children = (
				05DB3CA02938643900D240D5 /* CICDiOSDemoUITests.swift */,
				05DB3CA22938643900D240D5 /* CICDiOSDemoUITestsLaunchTests.swift */,
			);
			path = CICDiOSDemoUITests;
			sourceTree = "<group>";
		};
		EBD1781436951460C71E89EE /* Frameworks */ = {
			isa = PBXGroup;
			children = (
				B12A5B9434492FD2B5A25EBD /* Pods_CICDiOSDemo.framework */,
				9D3065CC967B058604187FB2 /* Pods_CICDiOSDemo_CICDiOSDemoUITests.framework */,
				291AB47DD44D0F92E764A433 /* Pods_CICDiOSDemoTests.framework */,
			);
			name = Frameworks;
			sourceTree = "<group>";
		};
/* End PBXGroup section */

/* Begin PBXNativeTarget section */
		05DB3C7B2938643800D240D5 /* CICDiOSDemo */ = {
			isa = PBXNativeTarget;
			buildConfigurationList = 05DB3CA62938643900D240D5 /* Build configuration list for PBXNativeTarget "CICDiOSDemo" */;
			buildPhases = (
				AFE095DF95A2B7D2E9536A81 /* [CP] Check Pods Manifest.lock */,
				05DB3C782938643800D240D5 /* Sources */,
				05DB3C792938643800D240D5 /* Frameworks */,
				05DB3C7A2938643800D240D5 /* Resources */,
			);
			buildRules = (
			);
			dependencies = (
			);
			name = CICDiOSDemo;
			productName = CICDiOSDemo;
			productReference = 05DB3C7C2938643800D240D5 /* CICDiOSDemo.app */;
			productType = "com.apple.product-type.application";
		};
		05DB3C912938643900D240D5 /* CICDiOSDemoTests */ = {
			isa = PBXNativeTarget;
			buildConfigurationList = 05DB3CA92938643900D240D5 /* Build configuration list for PBXNativeTarget "CICDiOSDemoTests" */;
			buildPhases = (
				32688A1B9DA88E90DB115F6A /* [CP] Check Pods Manifest.lock */,
				05DB3C8E2938643900D240D5 /* Sources */,
				05DB3C8F2938643900D240D5 /* Frameworks */,
				05DB3C902938643900D240D5 /* Resources */,
			);
			buildRules = (
			);
			dependencies = (
				05DB3C942938643900D240D5 /* PBXTargetDependency */,
			);
			name = CICDiOSDemoTests;
			productName = CICDiOSDemoTests;
			productReference = 05DB3C922938643900D240D5 /* CICDiOSDemoTests.xctest */;
			productType = "com.apple.product-type.bundle.unit-test";
		};
		05DB3C9B2938643900D240D5 /* CICDiOSDemoUITests */ = {
			isa = PBXNativeTarget;
			buildConfigurationList = 05DB3CAC2938643900D240D5 /* Build configuration list for PBXNativeTarget "CICDiOSDemoUITests" */;
			buildPhases = (
				DBA7D368688026FD72F0F7FF /* [CP] Check Pods Manifest.lock */,
				05DB3C982938643900D240D5 /* Sources */,
				05DB3C992938643900D240D5 /* Frameworks */,
				05DB3C9A2938643900D240D5 /* Resources */,
			);
			buildRules = (
			);
			dependencies = (
				05DB3C9E2938643900D240D5 /* PBXTargetDependency */,
			);
			name = CICDiOSDemoUITests;
			productName = CICDiOSDemoUITests;
			productReference = 05DB3C9C2938643900D240D5 /* CICDiOSDemoUITests.xctest */;
			productType = "com.apple.product-type.bundle.ui-testing";
		};
/* End PBXNativeTarget section */

/* Begin PBXProject section */
		05DB3C742938643800D240D5 /* Project object */ = {
			isa = PBXProject;
			attributes = {
				BuildIndependentTargetsInParallel = 1;
				LastSwiftUpdateCheck = 1340;
				LastUpgradeCheck = 1340;
				TargetAttributes = {
					05DB3C7B2938643800D240D5 = {
						CreatedOnToolsVersion = 13.4.1;
					};
					05DB3C912938643900D240D5 = {
						CreatedOnToolsVersion = 13.4.1;
						ProvisioningStyle = Automatic;
						TestTargetID = 05DB3C7B2938643800D240D5;
					};
					05DB3C9B2938643900D240D5 = {
						CreatedOnToolsVersion = 13.4.1;
						ProvisioningStyle = Automatic;
						TestTargetID = 05DB3C7B2938643800D240D5;
					};
				};
			};
			buildConfigurationList = 05DB3C772938643800D240D5 /* Build configuration list for PBXProject "CICDiOSDemo" */;
			compatibilityVersion = "Xcode 13.0";
			developmentRegion = en;
			hasScannedForEncodings = 0;
			knownRegions = (
				en,
				Base,
			);
			mainGroup = 05DB3C732938643800D240D5;
			productRefGroup = 05DB3C7D2938643800D240D5 /* Products */;
			projectDirPath = "";
			projectRoot = "";
			targets = (
				05DB3C7B2938643800D240D5 /* CICDiOSDemo */,
				05DB3C912938643900D240D5 /* CICDiOSDemoTests */,
				05DB3C9B2938643900D240D5 /* CICDiOSDemoUITests */,
			);
		};
/* End PBXProject section */

/* Begin PBXResourcesBuildPhase section */
		05DB3C7A2938643800D240D5 /* Resources */ = {
			isa = PBXResourcesBuildPhase;
			buildActionMask = 2147483647;
			files = (
				05DB3C8C2938643900D240D5 /* LaunchScreen.storyboard in Resources */,
				05DB3C892938643900D240D5 /* Assets.xcassets in Resources */,
				05DB3C872938643800D240D5 /* Main.storyboard in Resources */,
			);
			runOnlyForDeploymentPostprocessing = 0;
		};
		05DB3C902938643900D240D5 /* Resources */ = {
			isa = PBXResourcesBuildPhase;
			buildActionMask = 2147483647;
			files = (
			);
			runOnlyForDeploymentPostprocessing = 0;
		};
		05DB3C9A2938643900D240D5 /* Resources */ = {
			isa = PBXResourcesBuildPhase;
			buildActionMask = 2147483647;
			files = (
			);
			runOnlyForDeploymentPostprocessing = 0;
		};
/* End PBXResourcesBuildPhase section */

/* Begin PBXShellScriptBuildPhase section */
		32688A1B9DA88E90DB115F6A /* [CP] Check Pods Manifest.lock */ = {
			isa = PBXShellScriptBuildPhase;
			buildActionMask = 2147483647;
			files = (
			);
			inputFileListPaths = (
			);
			inputPaths = (
				"${PODS_PODFILE_DIR_PATH}/Podfile.lock",
				"${PODS_ROOT}/Manifest.lock",
			);
			name = "[CP] Check Pods Manifest.lock";
			outputFileListPaths = (
			);
			outputPaths = (
				"$(DERIVED_FILE_DIR)/Pods-CICDiOSDemoTests-checkManifestLockResult.txt",
			);
			runOnlyForDeploymentPostprocessing = 0;
			shellPath = /bin/sh;
			shellScript = "diff \"${PODS_PODFILE_DIR_PATH}/Podfile.lock\" \"${PODS_ROOT}/Manifest.lock\" > /dev/null\nif [ $? != 0 ] ; then\n    # print error to STDERR\n    echo \"error: The sandbox is not in sync with the Podfile.lock. Run 'pod install' or update your CocoaPods installation.\" >&2\n    exit 1\nfi\n# This output is used by Xcode 'outputs' to avoid re-running this script phase.\necho \"SUCCESS\" > \"${SCRIPT_OUTPUT_FILE_0}\"\n";
			showEnvVarsInLog = 0;
		};
		AFE095DF95A2B7D2E9536A81 /* [CP] Check Pods Manifest.lock */ = {
			isa = PBXShellScriptBuildPhase;
			buildActionMask = 2147483647;
			files = (
			);
			inputFileListPaths = (
			);
			inputPaths = (
				"${PODS_PODFILE_DIR_PATH}/Podfile.lock",
				"${PODS_ROOT}/Manifest.lock",
			);
			name = "[CP] Check Pods Manifest.lock";
			outputFileListPaths = (
			);
			outputPaths = (
				"$(DERIVED_FILE_DIR)/Pods-CICDiOSDemo-checkManifestLockResult.txt",
			);
			runOnlyForDeploymentPostprocessing = 0;
			shellPath = /bin/sh;
			shellScript = "diff \"${PODS_PODFILE_DIR_PATH}/Podfile.lock\" \"${PODS_ROOT}/Manifest.lock\" > /dev/null\nif [ $? != 0 ] ; then\n    # print error to STDERR\n    echo \"error: The sandbox is not in sync with the Podfile.lock. Run 'pod install' or update your CocoaPods installation.\" >&2\n    exit 1\nfi\n# This output is used by Xcode 'outputs' to avoid re-running this script phase.\necho \"SUCCESS\" > \"${SCRIPT_OUTPUT_FILE_0}\"\n";
			showEnvVarsInLog = 0;
		};
		DBA7D368688026FD72F0F7FF /* [CP] Check Pods Manifest.lock */ = {
			isa = PBXShellScriptBuildPhase;
			buildActionMask = 2147483647;
			files = (
			);
			inputFileListPaths = (
			);
			inputPaths = (
				"${PODS_PODFILE_DIR_PATH}/Podfile.lock",
				"${PODS_ROOT}/Manifest.lock",
			);
			name = "[CP] Check Pods Manifest.lock";
			outputFileListPaths = (
			);
			outputPaths = (
				"$(DERIVED_FILE_DIR)/Pods-CICDiOSDemo-CICDiOSDemoUITests-checkManifestLockResult.txt",
			);
			runOnlyForDeploymentPostprocessing = 0;
			shellPath = /bin/sh;
			shellScript = "diff \"${PODS_PODFILE_DIR_PATH}/Podfile.lock\" \"${PODS_ROOT}/Manifest.lock\" > /dev/null\nif [ $? != 0 ] ; then\n    # print error to STDERR\n    echo \"error: The sandbox is not in sync with the Podfile.lock. Run 'pod install' or update your CocoaPods installation.\" >&2\n    exit 1\nfi\n# This output is used by Xcode 'outputs' to avoid re-running this script phase.\necho \"SUCCESS\" > \"${SCRIPT_OUTPUT_FILE_0}\"\n";
			showEnvVarsInLog = 0;
		};
/* End PBXShellScriptBuildPhase section */

/* Begin PBXSourcesBuildPhase section */
		05DB3C782938643800D240D5 /* Sources */ = {
			isa = PBXSourcesBuildPhase;
			buildActionMask = 2147483647;
			files = (
				05DB3C842938643800D240D5 /* ViewController.swift in Sources */,
				05DB3C802938643800D240D5 /* AppDelegate.swift in Sources */,
				05DB3C822938643800D240D5 /* SceneDelegate.swift in Sources */,
			);
			runOnlyForDeploymentPostprocessing = 0;
		};
		05DB3C8E2938643900D240D5 /* Sources */ = {
			isa = PBXSourcesBuildPhase;
			buildActionMask = 2147483647;
			files = (
				05DB3C972938643900D240D5 /* CICDiOSDemoTests.swift in Sources */,
			);
			runOnlyForDeploymentPostprocessing = 0;
		};
		05DB3C982938643900D240D5 /* Sources */ = {
			isa = PBXSourcesBuildPhase;
			buildActionMask = 2147483647;
			files = (
				05DB3CA12938643900D240D5 /* CICDiOSDemoUITests.swift in Sources */,
				05DB3CA32938643900D240D5 /* CICDiOSDemoUITestsLaunchTests.swift in Sources */,
			);
			runOnlyForDeploymentPostprocessing = 0;
		};
/* End PBXSourcesBuildPhase section */

/* Begin PBXTargetDependency section */
		05DB3C942938643900D240D5 /* PBXTargetDependency */ = {
			isa = PBXTargetDependency;
			target = 05DB3C7B2938643800D240D5 /* CICDiOSDemo */;
			targetProxy = 05DB3C932938643900D240D5 /* PBXContainerItemProxy */;
		};
		05DB3C9E2938643900D240D5 /* PBXTargetDependency */ = {
			isa = PBXTargetDependency;
			target = 05DB3C7B2938643800D240D5 /* CICDiOSDemo */;
			targetProxy = 05DB3C9D2938643900D240D5 /* PBXContainerItemProxy */;
		};
/* End PBXTargetDependency section */

/* Begin PBXVariantGroup section */
		05DB3C852938643800D240D5 /* Main.storyboard */ = {
			isa = PBXVariantGroup;
			children = (
				05DB3C862938643800D240D5 /* Base */,
			);
			name = Main.storyboard;
			sourceTree = "<group>";
		};
		05DB3C8A2938643900D240D5 /* LaunchScreen.storyboard */ = {
			isa = PBXVariantGroup;
			children = (
				05DB3C8B2938643900D240D5 /* Base */,
			);
			name = LaunchScreen.storyboard;
			sourceTree = "<group>";
		};
/* End PBXVariantGroup section */

/* Begin XCBuildConfiguration section */
		05DB3CA42938643900D240D5 /* Debug */ = {
			isa = XCBuildConfiguration;
			buildSettings = {
				ALWAYS_SEARCH_USER_PATHS = NO;
				CLANG_ANALYZER_NONNULL = YES;
				CLANG_ANALYZER_NUMBER_OBJECT_CONVERSION = YES_AGGRESSIVE;
				CLANG_CXX_LANGUAGE_STANDARD = "gnu++17";
				CLANG_ENABLE_MODULES = YES;
				CLANG_ENABLE_OBJC_ARC = YES;
				CLANG_ENABLE_OBJC_WEAK = YES;
				CLANG_WARN_BLOCK_CAPTURE_AUTORELEASING = YES;
				CLANG_WARN_BOOL_CONVERSION = YES;
				CLANG_WARN_COMMA = YES;
				CLANG_WARN_CONSTANT_CONVERSION = YES;
				CLANG_WARN_DEPRECATED_OBJC_IMPLEMENTATIONS = YES;
				CLANG_WARN_DIRECT_OBJC_ISA_USAGE = YES_ERROR;
				CLANG_WARN_DOCUMENTATION_COMMENTS = YES;
				CLANG_WARN_EMPTY_BODY = YES;
				CLANG_WARN_ENUM_CONVERSION = YES;
				CLANG_WARN_INFINITE_RECURSION = YES;
				CLANG_WARN_INT_CONVERSION = YES;
				CLANG_WARN_NON_LITERAL_NULL_CONVERSION = YES;
				CLANG_WARN_OBJC_IMPLICIT_RETAIN_SELF = YES;
				CLANG_WARN_OBJC_LITERAL_CONVERSION = YES;
				CLANG_WARN_OBJC_ROOT_CLASS = YES_ERROR;
				CLANG_WARN_QUOTED_INCLUDE_IN_FRAMEWORK_HEADER = YES;
				CLANG_WARN_RANGE_LOOP_ANALYSIS = YES;
				CLANG_WARN_STRICT_PROTOTYPES = YES;
				CLANG_WARN_SUSPICIOUS_MOVE = YES;
				CLANG_WARN_UNGUARDED_AVAILABILITY = YES_AGGRESSIVE;
				CLANG_WARN_UNREACHABLE_CODE = YES;
				CLANG_WARN__DUPLICATE_METHOD_MATCH = YES;
				COPY_PHASE_STRIP = NO;
				DEBUG_INFORMATION_FORMAT = dwarf;
				ENABLE_STRICT_OBJC_MSGSEND = YES;
				ENABLE_TESTABILITY = YES;
				GCC_C_LANGUAGE_STANDARD = gnu11;
				GCC_DYNAMIC_NO_PIC = NO;
				GCC_NO_COMMON_BLOCKS = YES;
				GCC_OPTIMIZATION_LEVEL = 0;
				GCC_PREPROCESSOR_DEFINITIONS = (
					"DEBUG=1",
					"$(inherited)",
				);
				GCC_WARN_64_TO_32_BIT_CONVERSION = YES;
				GCC_WARN_ABOUT_RETURN_TYPE = YES_ERROR;
				GCC_WARN_UNDECLARED_SELECTOR = YES;
				GCC_WARN_UNINITIALIZED_AUTOS = YES_AGGRESSIVE;
				GCC_WARN_UNUSED_FUNCTION = YES;
				GCC_WARN_UNUSED_VARIABLE = YES;
				IPHONEOS_DEPLOYMENT_TARGET = 13.0;
				MTL_ENABLE_DEBUG_INFO = INCLUDE_SOURCE;
				MTL_FAST_MATH = YES;
				ONLY_ACTIVE_ARCH = YES;
				SDKROOT = iphoneos;
				SWIFT_ACTIVE_COMPILATION_CONDITIONS = DEBUG;
				SWIFT_OPTIMIZATION_LEVEL = "-Onone";
			};
			name = Debug;
		};
		05DB3CA52938643900D240D5 /* Release */ = {
			isa = XCBuildConfiguration;
			buildSettings = {
				ALWAYS_SEARCH_USER_PATHS = NO;
				CLANG_ANALYZER_NONNULL = YES;
				CLANG_ANALYZER_NUMBER_OBJECT_CONVERSION = YES_AGGRESSIVE;
				CLANG_CXX_LANGUAGE_STANDARD = "gnu++17";
				CLANG_ENABLE_MODULES = YES;
				CLANG_ENABLE_OBJC_ARC = YES;
				CLANG_ENABLE_OBJC_WEAK = YES;
				CLANG_WARN_BLOCK_CAPTURE_AUTORELEASING = YES;
				CLANG_WARN_BOOL_CONVERSION = YES;
				CLANG_WARN_COMMA = YES;
				CLANG_WARN_CONSTANT_CONVERSION = YES;
				CLANG_WARN_DEPRECATED_OBJC_IMPLEMENTATIONS = YES;
				CLANG_WARN_DIRECT_OBJC_ISA_USAGE = YES_ERROR;
				CLANG_WARN_DOCUMENTATION_COMMENTS = YES;
				CLANG_WARN_EMPTY_BODY = YES;
				CLANG_WARN_ENUM_CONVERSION = YES;
				CLANG_WARN_INFINITE_RECURSION = YES;
				CLANG_WARN_INT_CONVERSION = YES;
				CLANG_WARN_NON_LITERAL_NULL_CONVERSION = YES;
				CLANG_WARN_OBJC_IMPLICIT_RETAIN_SELF = YES;
				CLANG_WARN_OBJC_LITERAL_CONVERSION = YES;
				CLANG_WARN_OBJC_ROOT_CLASS = YES_ERROR;
				CLANG_WARN_QUOTED_INCLUDE_IN_FRAMEWORK_HEADER = YES;
				CLANG_WARN_RANGE_LOOP_ANALYSIS = YES;
				CLANG_WARN_STRICT_PROTOTYPES = YES;
				CLANG_WARN_SUSPICIOUS_MOVE = YES;
				CLANG_WARN_UNGUARDED_AVAILABILITY = YES_AGGRESSIVE;
				CLANG_WARN_UNREACHABLE_CODE = YES;
				CLANG_WARN__DUPLICATE_METHOD_MATCH = YES;
				COPY_PHASE_STRIP = NO;
				DEBUG_INFORMATION_FORMAT = "dwarf-with-dsym";
				ENABLE_NS_ASSERTIONS = NO;
				ENABLE_STRICT_OBJC_MSGSEND = YES;
				GCC_C_LANGUAGE_STANDARD = gnu11;
				GCC_NO_COMMON_BLOCKS = YES;
				GCC_WARN_64_TO_32_BIT_CONVERSION = YES;
				GCC_WARN_ABOUT_RETURN_TYPE = YES_ERROR;
				GCC_WARN_UNDECLARED_SELECTOR = YES;
				GCC_WARN_UNINITIALIZED_AUTOS = YES_AGGRESSIVE;
				GCC_WARN_UNUSED_FUNCTION = YES;
				GCC_WARN_UNUSED_VARIABLE = YES;
				IPHONEOS_DEPLOYMENT_TARGET = 13.0;
				MTL_ENABLE_DEBUG_INFO = NO;
				MTL_FAST_MATH = YES;
				SDKROOT = iphoneos;
				SWIFT_COMPILATION_MODE = wholemodule;
				SWIFT_OPTIMIZATION_LEVEL = "-O";
				VALIDATE_PRODUCT = YES;
			};
			name = Release;
		};
		05DB3CA72938643900D240D5 /* Debug */ = {
			isa = XCBuildConfiguration;
			baseConfigurationReference = 4536C907A7CA1E6AA57EFA31 /* Pods-CICDiOSDemo.debug.xcconfig */;
			buildSettings = {
				ASSETCATALOG_COMPILER_APPICON_NAME = AppIcon;
				ASSETCATALOG_COMPILER_GLOBAL_ACCENT_COLOR_NAME = AccentColor;
				CODE_SIGN_IDENTITY = "Apple Development";
				CODE_SIGN_STYLE = Automatic;
				CURRENT_PROJECT_VERSION = 1;
				DEVELOPMENT_TEAM = 6XQ5YR84D8;
				GENERATE_INFOPLIST_FILE = YES;
				INFOPLIST_FILE = CICDiOSDemo/Info.plist;
				INFOPLIST_KEY_UIApplicationSupportsIndirectInputEvents = YES;
				INFOPLIST_KEY_UILaunchStoryboardName = LaunchScreen;
				INFOPLIST_KEY_UIMainStoryboardFile = Main;
				INFOPLIST_KEY_UISupportedInterfaceOrientations_iPad = "UIInterfaceOrientationPortrait UIInterfaceOrientationPortraitUpsideDown UIInterfaceOrientationLandscapeLeft UIInterfaceOrientationLandscapeRight";
				INFOPLIST_KEY_UISupportedInterfaceOrientations_iPhone = "UIInterfaceOrientationPortrait UIInterfaceOrientationLandscapeLeft UIInterfaceOrientationLandscapeRight";
				LD_RUNPATH_SEARCH_PATHS = (
					"$(inherited)",
					"@executable_path/Frameworks",
				);
				MARKETING_VERSION = 1.0;
				PRODUCT_BUNDLE_IDENTIFIER = info.oladev.cicdiosdemo;
				PRODUCT_NAME = "$(TARGET_NAME)";
				PROVISIONING_PROFILE_SPECIFIER = "";
				SWIFT_EMIT_LOC_STRINGS = YES;
				SWIFT_VERSION = 5.0;
				TARGETED_DEVICE_FAMILY = "1,2";
			};
			name = Debug;
		};
		05DB3CA82938643900D240D5 /* Release */ = {
			isa = XCBuildConfiguration;
			baseConfigurationReference = 43C22701AEFCE7A302030B5A /* Pods-CICDiOSDemo.release.xcconfig */;
			buildSettings = {
				ASSETCATALOG_COMPILER_APPICON_NAME = AppIcon;
				ASSETCATALOG_COMPILER_GLOBAL_ACCENT_COLOR_NAME = AccentColor;
				CODE_SIGN_IDENTITY = "Apple Development";
				CODE_SIGN_STYLE = Automatic;
				CURRENT_PROJECT_VERSION = 1;
				DEVELOPMENT_TEAM = 6XQ5YR84D8;
				GENERATE_INFOPLIST_FILE = YES;
				INFOPLIST_FILE = CICDiOSDemo/Info.plist;
				INFOPLIST_KEY_UIApplicationSupportsIndirectInputEvents = YES;
				INFOPLIST_KEY_UILaunchStoryboardName = LaunchScreen;
				INFOPLIST_KEY_UIMainStoryboardFile = Main;
				INFOPLIST_KEY_UISupportedInterfaceOrientations_iPad = "UIInterfaceOrientationPortrait UIInterfaceOrientationPortraitUpsideDown UIInterfaceOrientationLandscapeLeft UIInterfaceOrientationLandscapeRight";
				INFOPLIST_KEY_UISupportedInterfaceOrientations_iPhone = "UIInterfaceOrientationPortrait UIInterfaceOrientationLandscapeLeft UIInterfaceOrientationLandscapeRight";
				LD_RUNPATH_SEARCH_PATHS = (
					"$(inherited)",
					"@executable_path/Frameworks",
				);
				MARKETING_VERSION = 1.0;
				PRODUCT_BUNDLE_IDENTIFIER = info.oladev.cicdiosdemo;
				PRODUCT_NAME = "$(TARGET_NAME)";
				PROVISIONING_PROFILE_SPECIFIER = "";
				SWIFT_EMIT_LOC_STRINGS = YES;
				SWIFT_VERSION = 5.0;
				TARGETED_DEVICE_FAMILY = "1,2";
			};
			name = Release;
		};
		05DB3CAA2938643900D240D5 /* Debug */ = {
			isa = XCBuildConfiguration;
			baseConfigurationReference = AC95D0500545EF491815AD35 /* Pods-CICDiOSDemoTests.debug.xcconfig */;
			buildSettings = {
				ALWAYS_EMBED_SWIFT_STANDARD_LIBRARIES = YES;
				BUNDLE_LOADER = "$(TEST_HOST)";
				CODE_SIGN_STYLE = Automatic;
				CURRENT_PROJECT_VERSION = 1;
				DEVELOPMENT_TEAM = 6XQ5YR84D8;
				GENERATE_INFOPLIST_FILE = YES;
				IPHONEOS_DEPLOYMENT_TARGET = 15.5;
				MARKETING_VERSION = 1.0;
				PRODUCT_BUNDLE_IDENTIFIER = info.oladev.CICDiOSDemoTests;
				PRODUCT_NAME = "$(TARGET_NAME)";
				SWIFT_EMIT_LOC_STRINGS = NO;
				SWIFT_VERSION = 5.0;
				TARGETED_DEVICE_FAMILY = "1,2";
				TEST_HOST = "$(BUILT_PRODUCTS_DIR)/CICDiOSDemo.app/CICDiOSDemo";
			};
			name = Debug;
		};
		05DB3CAB2938643900D240D5 /* Release */ = {
			isa = XCBuildConfiguration;
			baseConfigurationReference = E6805F2C3255745AB1EAD071 /* Pods-CICDiOSDemoTests.release.xcconfig */;
			buildSettings = {
				ALWAYS_EMBED_SWIFT_STANDARD_LIBRARIES = YES;
				BUNDLE_LOADER = "$(TEST_HOST)";
				CODE_SIGN_STYLE = Automatic;
				CURRENT_PROJECT_VERSION = 1;
				DEVELOPMENT_TEAM = 6XQ5YR84D8;
				GENERATE_INFOPLIST_FILE = YES;
				IPHONEOS_DEPLOYMENT_TARGET = 15.5;
				MARKETING_VERSION = 1.0;
				PRODUCT_BUNDLE_IDENTIFIER = info.oladev.CICDiOSDemoTests;
				PRODUCT_NAME = "$(TARGET_NAME)";
				SWIFT_EMIT_LOC_STRINGS = NO;
				SWIFT_VERSION = 5.0;
				TARGETED_DEVICE_FAMILY = "1,2";
				TEST_HOST = "$(BUILT_PRODUCTS_DIR)/CICDiOSDemo.app/CICDiOSDemo";
			};
			name = Release;
		};
		05DB3CAD2938643900D240D5 /* Debug */ = {
			isa = XCBuildConfiguration;
			baseConfigurationReference = 98A1D90088E9E03F13BD4465 /* Pods-CICDiOSDemo-CICDiOSDemoUITests.debug.xcconfig */;
			buildSettings = {
				ALWAYS_EMBED_SWIFT_STANDARD_LIBRARIES = YES;
				CODE_SIGN_IDENTITY = "Apple Development";
				CODE_SIGN_STYLE = Automatic;
				CURRENT_PROJECT_VERSION = 1;
				DEVELOPMENT_TEAM = 6XQ5YR84D8;
				GENERATE_INFOPLIST_FILE = YES;
				MARKETING_VERSION = 1.0;
				PRODUCT_BUNDLE_IDENTIFIER = info.oladev.CICDiOSDemoUITests;
				PRODUCT_NAME = "$(TARGET_NAME)";
				PROVISIONING_PROFILE_SPECIFIER = "";
				SWIFT_EMIT_LOC_STRINGS = NO;
				SWIFT_VERSION = 5.0;
				TARGETED_DEVICE_FAMILY = "1,2";
				TEST_TARGET_NAME = CICDiOSDemo;
			};
			name = Debug;
		};
		05DB3CAE2938643900D240D5 /* Release */ = {
			isa = XCBuildConfiguration;
			baseConfigurationReference = 1810EAA47E2FE1C1FCFE3AB1 /* Pods-CICDiOSDemo-CICDiOSDemoUITests.release.xcconfig */;
			buildSettings = {
				ALWAYS_EMBED_SWIFT_STANDARD_LIBRARIES = YES;
				CODE_SIGN_IDENTITY = "Apple Development";
				CODE_SIGN_STYLE = Automatic;
				CURRENT_PROJECT_VERSION = 1;
				DEVELOPMENT_TEAM = 6XQ5YR84D8;
				GENERATE_INFOPLIST_FILE = YES;
				MARKETING_VERSION = 1.0;
				PRODUCT_BUNDLE_IDENTIFIER = info.oladev.CICDiOSDemoUITests;
				PRODUCT_NAME = "$(TARGET_NAME)";
				PROVISIONING_PROFILE_SPECIFIER = "";
				SWIFT_EMIT_LOC_STRINGS = NO;
				SWIFT_VERSION = 5.0;
				TARGETED_DEVICE_FAMILY = "1,2";
				TEST_TARGET_NAME = CICDiOSDemo;
			};
			name = Release;
		};
/* End XCBuildConfiguration section */

/* Begin XCConfigurationList section */
		05DB3C772938643800D240D5 /* Build configuration list for PBXProject "CICDiOSDemo" */ = {
			isa = XCConfigurationList;
			buildConfigurations = (
				05DB3CA42938643900D240D5 /* Debug */,
				05DB3CA52938643900D240D5 /* Release */,
			);
			defaultConfigurationIsVisible = 0;
			defaultConfigurationName = Release;
		};
		05DB3CA62938643900D240D5 /* Build configuration list for PBXNativeTarget "CICDiOSDemo" */ = {
			isa = XCConfigurationList;
			buildConfigurations = (
				05DB3CA72938643900D240D5 /* Debug */,
				05DB3CA82938643900D240D5 /* Release */,
			);
			defaultConfigurationIsVisible = 0;
			defaultConfigurationName = Release;
		};
		05DB3CA92938643900D240D5 /* Build configuration list for PBXNativeTarget "CICDiOSDemoTests" */ = {
			isa = XCConfigurationList;
			buildConfigurations = (
				05DB3CAA2938643900D240D5 /* Debug */,
				05DB3CAB2938643900D240D5 /* Release */,
			);
			defaultConfigurationIsVisible = 0;
			defaultConfigurationName = Release;
		};
		05DB3CAC2938643900D240D5 /* Build configuration list for PBXNativeTarget "CICDiOSDemoUITests" */ = {
			isa = XCConfigurationList;
			buildConfigurations = (
				05DB3CAD2938643900D240D5 /* Debug */,
				05DB3CAE2938643900D240D5 /* Release */,
			);
			defaultConfigurationIsVisible = 0;
			defaultConfigurationName = Release;
		};
/* End XCConfigurationList section */
	};
	rootObject = 05DB3C742938643800D240D5 /* Project object */;
}
